<Solution>
  <Folder Name="/src/">
    <Project Path="src/Honua.Collect.App/Honua.Collect.App.csproj" />
    <Project Path="src/Honua.Collect.Core/Honua.Collect.Core.csproj" />
    <Project Path="src/Honua.Collect.FieldCollection/Honua.Collect.FieldCollection.csproj" />
  </Folder>
  <Folder Name="/tests/">
    <Project Path="tests/Honua.Collect.Core.Tests/Honua.Collect.Core.Tests.csproj" />
  </Folder>
</Solution>
